// !$*UTF8*$!
{
	archiveVersion = 1;
	classes = {
	};
	objectVersion = 51;
	objects = {

/* Begin PBXBuildFile section */
		0D680B8E24DEB8260098E3C9 /* AppDelegate.swift in Sources */ = {isa = PBXBuildFile; fileRef = 0D680B8D24DEB8260098E3C9 /* AppDelegate.swift */; };
		0D680B9024DEB8260098E3C9 /* SceneDelegate.swift in Sources */ = {isa = PBXBuildFile; fileRef = 0D680B8F24DEB8260098E3C9 /* SceneDelegate.swift */; };
		0D680B9224DEB8260098E3C9 /* ViewController.swift in Sources */ = {isa = PBXBuildFile; fileRef = 0D680B9124DEB8260098E3C9 /* ViewController.swift */; };
		0D680B9524DEB8260098E3C9 /* Main.storyboard in Resources */ = {isa = PBXBuildFile; fileRef = 0D680B9324DEB8260098E3C9 /* Main.storyboard */; };
		0D680B9724DEB8280098E3C9 /* Assets.xcassets in Resources */ = {isa = PBXBuildFile; fileRef = 0D680B9624DEB8280098E3C9 /* Assets.xcassets */; };
		0D680B9A24DEB8280098E3C9 /* LaunchScreen.storyboard in Resources */ = {isa = PBXBuildFile; fileRef = 0D680B9824DEB8280098E3C9 /* LaunchScreen.storyboard */; };
		0D680BAA24DEBA4A0098E3C9 /* StoryboardExtensions.swift in Sources */ = {isa = PBXBuildFile; fileRef = 0D680BA924DEBA4A0098E3C9 /* StoryboardExtensions.swift */; };
		0D680BB024DEBEC50098E3C9 /* BPreplay.otf in Resources */ = {isa = PBXBuildFile; fileRef = 0D680BAC24DEBEC50098E3C9 /* BPreplay.otf */; };
		0D680BB124DEBEC50098E3C9 /* BPreplayItalics.otf in Resources */ = {isa = PBXBuildFile; fileRef = 0D680BAD24DEBEC50098E3C9 /* BPreplayItalics.otf */; };
		0D680BB224DEBEC50098E3C9 /* BPreplayBold.otf in Resources */ = {isa = PBXBuildFile; fileRef = 0D680BAE24DEBEC50098E3C9 /* BPreplayBold.otf */; };
		0D680BB324DEBEC50098E3C9 /* BPreplayBoldItalics.otf in Resources */ = {isa = PBXBuildFile; fileRef = 0D680BAF24DEBEC50098E3C9 /* BPreplayBoldItalics.otf */; };
		0D680BB524DFEBCB0098E3C9 /* SignUp.storyboard in Resources */ = {isa = PBXBuildFile; fileRef = 0D680BB424DFEBCB0098E3C9 /* SignUp.storyboard */; };
		0D680BB924E0125F0098E3C9 /* PhoneNumberViewController.swift in Sources */ = {isa = PBXBuildFile; fileRef = 0D680BB824E0125F0098E3C9 /* PhoneNumberViewController.swift */; };
		0D680BBD24E019B60098E3C9 /* CodeViewController.swift in Sources */ = {isa = PBXBuildFile; fileRef = 0D680BBC24E019B60098E3C9 /* CodeViewController.swift */; };
		FE6CEE7A97FF0304A16A14A2 /* Pods_Hang.framework in Frameworks */ = {isa = PBXBuildFile; fileRef = 55F0C8EC4BBDDEE497536088 /* Pods_Hang.framework */; };
/* End PBXBuildFile section */

/* Begin PBXFileReference section */
		0D680B8A24DEB8260098E3C9 /* Hang.app */ = {isa = PBXFileReference; explicitFileType = wrapper.application; includeInIndex = 0; path = Hang.app; sourceTree = BUILT_PRODUCTS_DIR; };
		0D680B8D24DEB8260098E3C9 /* AppDelegate.swift */ = {isa = PBXFileReference; lastKnownFileType = sourcecode.swift; path = AppDelegate.swift; sourceTree = "<group>"; };
		0D680B8F24DEB8260098E3C9 /* SceneDelegate.swift */ = {isa = PBXFileReference; lastKnownFileType = sourcecode.swift; path = SceneDelegate.swift; sourceTree = "<group>"; };
		0D680B9124DEB8260098E3C9 /* ViewController.swift */ = {isa = PBXFileReference; lastKnownFileType = sourcecode.swift; path = ViewController.swift; sourceTree = "<group>"; };
		0D680B9424DEB8260098E3C9 /* Base */ = {isa = PBXFileReference; lastKnownFileType = file.storyboard; name = Base; path = Base.lproj/Main.storyboard; sourceTree = "<group>"; };
		0D680B9624DEB8280098E3C9 /* Assets.xcassets */ = {isa = PBXFileReference; lastKnownFileType = folder.assetcatalog; path = Assets.xcassets; sourceTree = "<group>"; };
		0D680B9924DEB8280098E3C9 /* Base */ = {isa = PBXFileReference; lastKnownFileType = file.storyboard; name = Base; path = Base.lproj/LaunchScreen.storyboard; sourceTree = "<group>"; };
		0D680B9B24DEB8280098E3C9 /* Info.plist */ = {isa = PBXFileReference; lastKnownFileType = text.plist.xml; path = Info.plist; sourceTree = "<group>"; };
		0D680BA924DEBA4A0098E3C9 /* StoryboardExtensions.swift */ = {isa = PBXFileReference; lastKnownFileType = sourcecode.swift; path = StoryboardExtensions.swift; sourceTree = "<group>"; };
		0D680BAC24DEBEC50098E3C9 /* BPreplay.otf */ = {isa = PBXFileReference; lastKnownFileType = file; path = BPreplay.otf; sourceTree = "<group>"; };
		0D680BAD24DEBEC50098E3C9 /* BPreplayItalics.otf */ = {isa = PBXFileReference; lastKnownFileType = file; path = BPreplayItalics.otf; sourceTree = "<group>"; };
		0D680BAE24DEBEC50098E3C9 /* BPreplayBold.otf */ = {isa = PBXFileReference; lastKnownFileType = file; path = BPreplayBold.otf; sourceTree = "<group>"; };
		0D680BAF24DEBEC50098E3C9 /* BPreplayBoldItalics.otf */ = {isa = PBXFileReference; lastKnownFileType = file; path = BPreplayBoldItalics.otf; sourceTree = "<group>"; };
		0D680BB424DFEBCB0098E3C9 /* SignUp.storyboard */ = {isa = PBXFileReference; lastKnownFileType = file.storyboard; path = SignUp.storyboard; sourceTree = "<group>"; };
		0D680BB824E0125F0098E3C9 /* PhoneNumberViewController.swift */ = {isa = PBXFileReference; lastKnownFileType = sourcecode.swift; path = PhoneNumberViewController.swift; sourceTree = "<group>"; };
		0D680BBC24E019B60098E3C9 /* CodeViewController.swift */ = {isa = PBXFileReference; lastKnownFileType = sourcecode.swift; path = CodeViewController.swift; sourceTree = "<group>"; };
		55F0C8EC4BBDDEE497536088 /* Pods_Hang.framework */ = {isa = PBXFileReference; explicitFileType = wrapper.framework; includeInIndex = 0; path = Pods_Hang.framework; sourceTree = BUILT_PRODUCTS_DIR; };
		70EF579485CAC3219E2818A1 /* Pods-Hang.debug.xcconfig */ = {isa = PBXFileReference; includeInIndex = 1; lastKnownFileType = text.xcconfig; name = "Pods-Hang.debug.xcconfig"; path = "Target Support Files/Pods-Hang/Pods-Hang.debug.xcconfig"; sourceTree = "<group>"; };
		8976D31335BDFF9C9A03678A /* Pods-Hang.release.xcconfig */ = {isa = PBXFileReference; includeInIndex = 1; lastKnownFileType = text.xcconfig; name = "Pods-Hang.release.xcconfig"; path = "Target Support Files/Pods-Hang/Pods-Hang.release.xcconfig"; sourceTree = "<group>"; };
/* End PBXFileReference section */

/* Begin PBXFrameworksBuildPhase section */
		0D680B8724DEB8260098E3C9 /* Frameworks */ = {
			isa = PBXFrameworksBuildPhase;
			buildActionMask = 2147483647;
			files = (
				FE6CEE7A97FF0304A16A14A2 /* Pods_Hang.framework in Frameworks */,
			);
			runOnlyForDeploymentPostprocessing = 0;
		};
/* End PBXFrameworksBuildPhase section */

/* Begin PBXGroup section */
		0D680B8124DEB8260098E3C9 = {
			isa = PBXGroup;
			children = (
				0D680B8C24DEB8260098E3C9 /* Hang */,
				0D680B8B24DEB8260098E3C9 /* Products */,
				FC21D055AF134CD1DBE39366 /* Pods */,
				85F1AD3D7CD5BAA9E757C166 /* Frameworks */,
			);
			sourceTree = "<group>";
		};
		0D680B8B24DEB8260098E3C9 /* Products */ = {
			isa = PBXGroup;
			children = (
				0D680B8A24DEB8260098E3C9 /* Hang.app */,
			);
			name = Products;
			sourceTree = "<group>";
		};
		0D680B8C24DEB8260098E3C9 /* Hang */ = {
			isa = PBXGroup;
			children = (
				0D680BA124DEB8460098E3C9 /* App Delegates */,
				0D680BA324DEB8640098E3C9 /* Controllers */,
				0D680BA424DEB8740098E3C9 /* Storyboards */,
				0D680BA824DEBA3D0098E3C9 /* Extensions */,
				0D680BA724DEB8A60098E3C9 /* Assets */,
				0D680B9B24DEB8280098E3C9 /* Info.plist */,
			);
			path = Hang;
			sourceTree = "<group>";
		};
		0D680BA124DEB8460098E3C9 /* App Delegates */ = {
			isa = PBXGroup;
			children = (
				0D680B8D24DEB8260098E3C9 /* AppDelegate.swift */,
				0D680B8F24DEB8260098E3C9 /* SceneDelegate.swift */,
			);
			path = "App Delegates";
			sourceTree = "<group>";
		};
		0D680BA324DEB8640098E3C9 /* Controllers */ = {
			isa = PBXGroup;
			children = (
				0D680BB624E00FCC0098E3C9 /* Authentication */,
				0D680B9124DEB8260098E3C9 /* ViewController.swift */,
			);
			path = Controllers;
			sourceTree = "<group>";
		};
		0D680BA424DEB8740098E3C9 /* Storyboards */ = {
			isa = PBXGroup;
			children = (
				0D680B9824DEB8280098E3C9 /* LaunchScreen.storyboard */,
				0D680B9324DEB8260098E3C9 /* Main.storyboard */,
				0D680BB424DFEBCB0098E3C9 /* SignUp.storyboard */,
			);
			path = Storyboards;
			sourceTree = "<group>";
		};
		0D680BA724DEB8A60098E3C9 /* Assets */ = {
			isa = PBXGroup;
			children = (
				0D680BAB24DEBE7F0098E3C9 /* Fonts */,
				0D680B9624DEB8280098E3C9 /* Assets.xcassets */,
			);
			path = Assets;
			sourceTree = "<group>";
		};
		0D680BA824DEBA3D0098E3C9 /* Extensions */ = {
			isa = PBXGroup;
			children = (
				0D680BA924DEBA4A0098E3C9 /* StoryboardExtensions.swift */,
			);
			path = Extensions;
			sourceTree = "<group>";
		};
		0D680BAB24DEBE7F0098E3C9 /* Fonts */ = {
			isa = PBXGroup;
			children = (
				0D680BAC24DEBEC50098E3C9 /* BPreplay.otf */,
				0D680BAE24DEBEC50098E3C9 /* BPreplayBold.otf */,
				0D680BAF24DEBEC50098E3C9 /* BPreplayBoldItalics.otf */,
				0D680BAD24DEBEC50098E3C9 /* BPreplayItalics.otf */,
			);
			path = Fonts;
			sourceTree = "<group>";
		};
		0D680BB624E00FCC0098E3C9 /* Authentication */ = {
			isa = PBXGroup;
			children = (
				0D680BB724E00FD50098E3C9 /* Sign up */,
			);
			path = Authentication;
			sourceTree = "<group>";
		};
		0D680BB724E00FD50098E3C9 /* Sign up */ = {
			isa = PBXGroup;
			children = (
				0D680BBA24E012680098E3C9 /* Phone Number */,
				0D680BBB24E0199D0098E3C9 /* Code  */,
			);
			path = "Sign up";
			sourceTree = "<group>";
		};
		0D680BBA24E012680098E3C9 /* Phone Number */ = {
			isa = PBXGroup;
			children = (
				0D680BB824E0125F0098E3C9 /* PhoneNumberViewController.swift */,
			);
			path = "Phone Number";
			sourceTree = "<group>";
		};
		0D680BBB24E0199D0098E3C9 /* Code  */ = {
			isa = PBXGroup;
			children = (
				0D680BBC24E019B60098E3C9 /* CodeViewController.swift */,
			);
			path = "Code ";
			sourceTree = "<group>";
		};
		85F1AD3D7CD5BAA9E757C166 /* Frameworks */ = {
			isa = PBXGroup;
			children = (
				55F0C8EC4BBDDEE497536088 /* Pods_Hang.framework */,
			);
			name = Frameworks;
			sourceTree = "<group>";
		};
		FC21D055AF134CD1DBE39366 /* Pods */ = {
			isa = PBXGroup;
			children = (
				70EF579485CAC3219E2818A1 /* Pods-Hang.debug.xcconfig */,
				8976D31335BDFF9C9A03678A /* Pods-Hang.release.xcconfig */,
			);
			path = Pods;
			sourceTree = "<group>";
		};
/* End PBXGroup section */

/* Begin PBXNativeTarget section */
		0D680B8924DEB8260098E3C9 /* Hang */ = {
			isa = PBXNativeTarget;
			buildConfigurationList = 0D680B9E24DEB8280098E3C9 /* Build configuration list for PBXNativeTarget "Hang" */;
			buildPhases = (
				0CABB5548B94DD93AD6A208F /* [CP] Check Pods Manifest.lock */,
				0D680B8624DEB8260098E3C9 /* Sources */,
				0D680B8724DEB8260098E3C9 /* Frameworks */,
				0D680B8824DEB8260098E3C9 /* Resources */,
				0179B3D02B704738E2B63DF0 /* [CP] Embed Pods Frameworks */,
			);
			buildRules = (
			);
			dependencies = (
			);
			name = Hang;
			productName = Hang;
			productReference = 0D680B8A24DEB8260098E3C9 /* Hang.app */;
			productType = "com.apple.product-type.application";
		};
/* End PBXNativeTarget section */

/* Begin PBXProject section */
		0D680B8224DEB8260098E3C9 /* Project object */ = {
			isa = PBXProject;
			attributes = {
				LastSwiftUpdateCheck = 1160;
				LastUpgradeCheck = 1160;
				ORGANIZATIONNAME = Hang;
				TargetAttributes = {
					0D680B8924DEB8260098E3C9 = {
						CreatedOnToolsVersion = 11.6;
					};
				};
			};
			buildConfigurationList = 0D680B8524DEB8260098E3C9 /* Build configuration list for PBXProject "Hang" */;
			compatibilityVersion = "Xcode 9.3";
			developmentRegion = en;
			hasScannedForEncodings = 0;
			knownRegions = (
				en,
				Base,
			);
			mainGroup = 0D680B8124DEB8260098E3C9;
			productRefGroup = 0D680B8B24DEB8260098E3C9 /* Products */;
			projectDirPath = "";
			projectRoot = "";
			targets = (
				0D680B8924DEB8260098E3C9 /* Hang */,
			);
		};
/* End PBXProject section */

/* Begin PBXResourcesBuildPhase section */
		0D680B8824DEB8260098E3C9 /* Resources */ = {
			isa = PBXResourcesBuildPhase;
			buildActionMask = 2147483647;
			files = (
				0D680B9A24DEB8280098E3C9 /* LaunchScreen.storyboard in Resources */,
				0D680BB224DEBEC50098E3C9 /* BPreplayBold.otf in Resources */,
				0D680BB324DEBEC50098E3C9 /* BPreplayBoldItalics.otf in Resources */,
				0D680B9724DEB8280098E3C9 /* Assets.xcassets in Resources */,
				0D680BB024DEBEC50098E3C9 /* BPreplay.otf in Resources */,
				0D680BB124DEBEC50098E3C9 /* BPreplayItalics.otf in Resources */,
				0D680BB524DFEBCB0098E3C9 /* SignUp.storyboard in Resources */,
				0D680B9524DEB8260098E3C9 /* Main.storyboard in Resources */,
			);
			runOnlyForDeploymentPostprocessing = 0;
		};
/* End PBXResourcesBuildPhase section */

/* Begin PBXShellScriptBuildPhase section */
		0179B3D02B704738E2B63DF0 /* [CP] Embed Pods Frameworks */ = {
			isa = PBXShellScriptBuildPhase;
			buildActionMask = 2147483647;
			files = (
			);
			inputFileListPaths = (
				"${PODS_ROOT}/Target Support Files/Pods-Hang/Pods-Hang-frameworks-${CONFIGURATION}-input-files.xcfilelist",
			);
			name = "[CP] Embed Pods Frameworks";
			outputFileListPaths = (
				"${PODS_ROOT}/Target Support Files/Pods-Hang/Pods-Hang-frameworks-${CONFIGURATION}-output-files.xcfilelist",
			);
			runOnlyForDeploymentPostprocessing = 0;
			shellPath = /bin/sh;
			shellScript = "\"${PODS_ROOT}/Target Support Files/Pods-Hang/Pods-Hang-frameworks.sh\"\n";
			showEnvVarsInLog = 0;
		};
		0CABB5548B94DD93AD6A208F /* [CP] Check Pods Manifest.lock */ = {
			isa = PBXShellScriptBuildPhase;
			buildActionMask = 2147483647;
			files = (
			);
			inputFileListPaths = (
			);
			inputPaths = (
				"${PODS_PODFILE_DIR_PATH}/Podfile.lock",
				"${PODS_ROOT}/Manifest.lock",
			);
			name = "[CP] Check Pods Manifest.lock";
			outputFileListPaths = (
			);
			outputPaths = (
				"$(DERIVED_FILE_DIR)/Pods-Hang-checkManifestLockResult.txt",
			);
			runOnlyForDeploymentPostprocessing = 0;
			shellPath = /bin/sh;
			shellScript = "diff \"${PODS_PODFILE_DIR_PATH}/Podfile.lock\" \"${PODS_ROOT}/Manifest.lock\" > /dev/null\nif [ $? != 0 ] ; then\n    # print error to STDERR\n    echo \"error: The sandbox is not in sync with the Podfile.lock. Run 'pod install' or update your CocoaPods installation.\" >&2\n    exit 1\nfi\n# This output is used by Xcode 'outputs' to avoid re-running this script phase.\necho \"SUCCESS\" > \"${SCRIPT_OUTPUT_FILE_0}\"\n";
			showEnvVarsInLog = 0;
		};
/* End PBXShellScriptBuildPhase section */

/* Begin PBXSourcesBuildPhase section */
		0D680B8624DEB8260098E3C9 /* Sources */ = {
			isa = PBXSourcesBuildPhase;
			buildActionMask = 2147483647;
			files = (
				0D680B9224DEB8260098E3C9 /* ViewController.swift in Sources */,
				0D680B8E24DEB8260098E3C9 /* AppDelegate.swift in Sources */,
				0D680BB924E0125F0098E3C9 /* PhoneNumberViewController.swift in Sources */,
				0D680BBD24E019B60098E3C9 /* CodeViewController.swift in Sources */,
				0D680B9024DEB8260098E3C9 /* SceneDelegate.swift in Sources */,
				0D680BAA24DEBA4A0098E3C9 /* StoryboardExtensions.swift in Sources */,
			);
			runOnlyForDeploymentPostprocessing = 0;
		};
/* End PBXSourcesBuildPhase section */

/* Begin PBXVariantGroup section */
		0D680B9324DEB8260098E3C9 /* Main.storyboard */ = {
			isa = PBXVariantGroup;
			children = (
				0D680B9424DEB8260098E3C9 /* Base */,
			);
			name = Main.storyboard;
			sourceTree = "<group>";
		};
		0D680B9824DEB8280098E3C9 /* LaunchScreen.storyboard */ = {
			isa = PBXVariantGroup;
			children = (
				0D680B9924DEB8280098E3C9 /* Base */,
			);
			name = LaunchScreen.storyboard;
			sourceTree = "<group>";
		};
/* End PBXVariantGroup section */

/* Begin XCBuildConfiguration section */
		0D680B9C24DEB8280098E3C9 /* Debug */ = {
			isa = XCBuildConfiguration;
			buildSettings = {
				ALWAYS_SEARCH_USER_PATHS = NO;
				CLANG_ANALYZER_NONNULL = YES;
				CLANG_ANALYZER_NUMBER_OBJECT_CONVERSION = YES_AGGRESSIVE;
				CLANG_CXX_LANGUAGE_STANDARD = "gnu++14";
				CLANG_CXX_LIBRARY = "libc++";
				CLANG_ENABLE_MODULES = YES;
				CLANG_ENABLE_OBJC_ARC = YES;
				CLANG_ENABLE_OBJC_WEAK = YES;
				CLANG_WARN_BLOCK_CAPTURE_AUTORELEASING = YES;
				CLANG_WARN_BOOL_CONVERSION = YES;
				CLANG_WARN_COMMA = YES;
				CLANG_WARN_CONSTANT_CONVERSION = YES;
				CLANG_WARN_DEPRECATED_OBJC_IMPLEMENTATIONS = YES;
				CLANG_WARN_DIRECT_OBJC_ISA_USAGE = YES_ERROR;
				CLANG_WARN_DOCUMENTATION_COMMENTS = YES;
				CLANG_WARN_EMPTY_BODY = YES;
				CLANG_WARN_ENUM_CONVERSION = YES;
				CLANG_WARN_INFINITE_RECURSION = YES;
				CLANG_WARN_INT_CONVERSION = YES;
				CLANG_WARN_NON_LITERAL_NULL_CONVERSION = YES;
				CLANG_WARN_OBJC_IMPLICIT_RETAIN_SELF = YES;
				CLANG_WARN_OBJC_LITERAL_CONVERSION = YES;
				CLANG_WARN_OBJC_ROOT_CLASS = YES_ERROR;
				CLANG_WARN_RANGE_LOOP_ANALYSIS = YES;
				CLANG_WARN_STRICT_PROTOTYPES = YES;
				CLANG_WARN_SUSPICIOUS_MOVE = YES;
				CLANG_WARN_UNGUARDED_AVAILABILITY = YES_AGGRESSIVE;
				CLANG_WARN_UNREACHABLE_CODE = YES;
				CLANG_WARN__DUPLICATE_METHOD_MATCH = YES;
				COPY_PHASE_STRIP = NO;
				DEBUG_INFORMATION_FORMAT = dwarf;
				ENABLE_STRICT_OBJC_MSGSEND = YES;
				ENABLE_TESTABILITY = YES;
				GCC_C_LANGUAGE_STANDARD = gnu11;
				GCC_DYNAMIC_NO_PIC = NO;
				GCC_NO_COMMON_BLOCKS = YES;
				GCC_OPTIMIZATION_LEVEL = 0;
				GCC_PREPROCESSOR_DEFINITIONS = (
					"DEBUG=1",
					"$(inherited)",
				);
				GCC_WARN_64_TO_32_BIT_CONVERSION = YES;
				GCC_WARN_ABOUT_RETURN_TYPE = YES_ERROR;
				GCC_WARN_UNDECLARED_SELECTOR = YES;
				GCC_WARN_UNINITIALIZED_AUTOS = YES_AGGRESSIVE;
				GCC_WARN_UNUSED_FUNCTION = YES;
				GCC_WARN_UNUSED_VARIABLE = YES;
				IPHONEOS_DEPLOYMENT_TARGET = 13.6;
				MTL_ENABLE_DEBUG_INFO = INCLUDE_SOURCE;
				MTL_FAST_MATH = YES;
				ONLY_ACTIVE_ARCH = YES;
				SDKROOT = iphoneos;
				SWIFT_ACTIVE_COMPILATION_CONDITIONS = DEBUG;
				SWIFT_OPTIMIZATION_LEVEL = "-Onone";
			};
			name = Debug;
		};
		0D680B9D24DEB8280098E3C9 /* Release */ = {
			isa = XCBuildConfiguration;
			buildSettings = {
				ALWAYS_SEARCH_USER_PATHS = NO;
				CLANG_ANALYZER_NONNULL = YES;
				CLANG_ANALYZER_NUMBER_OBJECT_CONVERSION = YES_AGGRESSIVE;
				CLANG_CXX_LANGUAGE_STANDARD = "gnu++14";
				CLANG_CXX_LIBRARY = "libc++";
				CLANG_ENABLE_MODULES = YES;
				CLANG_ENABLE_OBJC_ARC = YES;
				CLANG_ENABLE_OBJC_WEAK = YES;
				CLANG_WARN_BLOCK_CAPTURE_AUTORELEASING = YES;
				CLANG_WARN_BOOL_CONVERSION = YES;
				CLANG_WARN_COMMA = YES;
				CLANG_WARN_CONSTANT_CONVERSION = YES;
				CLANG_WARN_DEPRECATED_OBJC_IMPLEMENTATIONS = YES;
				CLANG_WARN_DIRECT_OBJC_ISA_USAGE = YES_ERROR;
				CLANG_WARN_DOCUMENTATION_COMMENTS = YES;
				CLANG_WARN_EMPTY_BODY = YES;
				CLANG_WARN_ENUM_CONVERSION = YES;
				CLANG_WARN_INFINITE_RECURSION = YES;
				CLANG_WARN_INT_CONVERSION = YES;
				CLANG_WARN_NON_LITERAL_NULL_CONVERSION = YES;
				CLANG_WARN_OBJC_IMPLICIT_RETAIN_SELF = YES;
				CLANG_WARN_OBJC_LITERAL_CONVERSION = YES;
				CLANG_WARN_OBJC_ROOT_CLASS = YES_ERROR;
				CLANG_WARN_RANGE_LOOP_ANALYSIS = YES;
				CLANG_WARN_STRICT_PROTOTYPES = YES;
				CLANG_WARN_SUSPICIOUS_MOVE = YES;
				CLANG_WARN_UNGUARDED_AVAILABILITY = YES_AGGRESSIVE;
				CLANG_WARN_UNREACHABLE_CODE = YES;
				CLANG_WARN__DUPLICATE_METHOD_MATCH = YES;
				COPY_PHASE_STRIP = NO;
				DEBUG_INFORMATION_FORMAT = "dwarf-with-dsym";
				ENABLE_NS_ASSERTIONS = NO;
				ENABLE_STRICT_OBJC_MSGSEND = YES;
				GCC_C_LANGUAGE_STANDARD = gnu11;
				GCC_NO_COMMON_BLOCKS = YES;
				GCC_WARN_64_TO_32_BIT_CONVERSION = YES;
				GCC_WARN_ABOUT_RETURN_TYPE = YES_ERROR;
				GCC_WARN_UNDECLARED_SELECTOR = YES;
				GCC_WARN_UNINITIALIZED_AUTOS = YES_AGGRESSIVE;
				GCC_WARN_UNUSED_FUNCTION = YES;
				GCC_WARN_UNUSED_VARIABLE = YES;
				IPHONEOS_DEPLOYMENT_TARGET = 13.6;
				MTL_ENABLE_DEBUG_INFO = NO;
				MTL_FAST_MATH = YES;
				SDKROOT = iphoneos;
				SWIFT_COMPILATION_MODE = wholemodule;
				SWIFT_OPTIMIZATION_LEVEL = "-O";
				VALIDATE_PRODUCT = YES;
			};
			name = Release;
		};
		0D680B9F24DEB8280098E3C9 /* Debug */ = {
			isa = XCBuildConfiguration;
			baseConfigurationReference = 70EF579485CAC3219E2818A1 /* Pods-Hang.debug.xcconfig */;
			buildSettings = {
				ASSETCATALOG_COMPILER_APPICON_NAME = AppIcon;
				CODE_SIGN_STYLE = Automatic;
				DEVELOPMENT_TEAM = Y737QQBK9K;
				INFOPLIST_FILE = Hang/Info.plist;
				LD_RUNPATH_SEARCH_PATHS = (
					"$(inherited)",
					"@executable_path/Frameworks",
				);
				PRODUCT_BUNDLE_IDENTIFIER = come.sohaib.Hang;
				PRODUCT_NAME = "$(TARGET_NAME)";
				SWIFT_VERSION = 5.0;
				TARGETED_DEVICE_FAMILY = "1,2";
			};
			name = Debug;
		};
		0D680BA024DEB8280098E3C9 /* Release */ = {
			isa = XCBuildConfiguration;
			baseConfigurationReference = 8976D31335BDFF9C9A03678A /* Pods-Hang.release.xcconfig */;
			buildSettings = {
				ASSETCATALOG_COMPILER_APPICON_NAME = AppIcon;
				CODE_SIGN_STYLE = Automatic;
				DEVELOPMENT_TEAM = Y737QQBK9K;
				INFOPLIST_FILE = Hang/Info.plist;
				LD_RUNPATH_SEARCH_PATHS = (
					"$(inherited)",
					"@executable_path/Frameworks",
				);
				PRODUCT_BUNDLE_IDENTIFIER = come.sohaib.Hang;
				PRODUCT_NAME = "$(TARGET_NAME)";
				SWIFT_VERSION = 5.0;
				TARGETED_DEVICE_FAMILY = "1,2";
			};
			name = Release;
		};
/* End XCBuildConfiguration section */

/* Begin XCConfigurationList section */
		0D680B8524DEB8260098E3C9 /* Build configuration list for PBXProject "Hang" */ = {
			isa = XCConfigurationList;
			buildConfigurations = (
				0D680B9C24DEB8280098E3C9 /* Debug */,
				0D680B9D24DEB8280098E3C9 /* Release */,
			);
			defaultConfigurationIsVisible = 0;
			defaultConfigurationName = Release;
		};
		0D680B9E24DEB8280098E3C9 /* Build configuration list for PBXNativeTarget "Hang" */ = {
			isa = XCConfigurationList;
			buildConfigurations = (
				0D680B9F24DEB8280098E3C9 /* Debug */,
				0D680BA024DEB8280098E3C9 /* Release */,
			);
			defaultConfigurationIsVisible = 0;
			defaultConfigurationName = Release;
		};
/* End XCConfigurationList section */
	};
	rootObject = 0D680B8224DEB8260098E3C9 /* Project object */;
}
